
Microsoft Visual Studio Solution File, Format Version 12.00
# Visual Studio 15
VisualStudioVersion = 15.0.26403.0
MinimumVisualStudioVersion = 10.0.40219.1
Project("{2150E333-8FDC-42A3-9474-1A3956D46DE8}") = "Samples", "Samples", "{03C9AC69-FDA5-48BE-8D2A-3E80F5FCE271}"
EndProject
Project("{FAE04EC0-301F-11D3-BF4B-00C04F79EFBC}") = "InjectionUsingHarmony", "samples\InjectionUsingHarmony\InjectionUsingHarmony.csproj", "{7BAE23D0-C8CB-45B6-AE7E-E57B11A4F2DB}"
EndProject
Project("{9A19103F-16F7-4668-BE54-9A1E7A4F7556}") = "Harmony", "src\Harmony\Harmony.csproj", "{B52CFA05-E374-48AC-8C5B-88DD3B3391BE}"
EndProject
Global
	GlobalSection(SolutionConfigurationPlatforms) = preSolution
		Debug|Any CPU = Debug|Any CPU
		Release|Any CPU = Release|Any CPU
	EndGlobalSection
	GlobalSection(ProjectConfigurationPlatforms) = postSolution
		{7BAE23D0-C8CB-45B6-AE7E-E57B11A4F2DB}.Debug|Any CPU.ActiveCfg = Debug|Any CPU
		{7BAE23D0-C8CB-45B6-AE7E-E57B11A4F2DB}.Debug|Any CPU.Build.0 = Debug|Any CPU
		{7BAE23D0-C8CB-45B6-AE7E-E57B11A4F2DB}.Release|Any CPU.ActiveCfg = Release|Any CPU
		{7BAE23D0-C8CB-45B6-AE7E-E57B11A4F2DB}.Release|Any CPU.Build.0 = Release|Any CPU
		{B52CFA05-E374-48AC-8C5B-88DD3B3391BE}.Debug|Any CPU.ActiveCfg = Debug|Any CPU
		{B52CFA05-E374-48AC-8C5B-88DD3B3391BE}.Debug|Any CPU.Build.0 = Debug|Any CPU
		{B52CFA05-E374-48AC-8C5B-88DD3B3391BE}.Release|Any CPU.ActiveCfg = Release|Any CPU
		{B52CFA05-E374-48AC-8C5B-88DD3B3391BE}.Release|Any CPU.Build.0 = Release|Any CPU
	EndGlobalSection
	GlobalSection(SolutionProperties) = preSolution
		HideSolutionNode = FALSE
	EndGlobalSection
	GlobalSection(NestedProjects) = preSolution
		{7BAE23D0-C8CB-45B6-AE7E-E57B11A4F2DB} = {03C9AC69-FDA5-48BE-8D2A-3E80F5FCE271}
	EndGlobalSection
EndGlobal
